PODS:
  - CTMediator (12)
  - ZIKMapCategory (0.1.0):
    - CTMediator

DEPENDENCIES:
  - CTMediator
  - ZIKMapCategory (from `../`)

EXTERNAL SOURCES:
  ZIKMapCategory:
    :path: ../

SPEC CHECKSUMS:
  CTMediator: 83043d198b7ea73214d53375adfdd7f60edd4c1a
  ZIKMapCategory: 9dc3cbb76dece20838356b7c33f992e2ae0e422e

PODFILE CHECKSUM: 2b1d9c336b6aa7a56f4642e03373244ec782ce82

COCOAPODS: 1.4.0.beta.1
