PODS:
  - CTMediator (12)
  - ZIKMapCategory (0.2.0):
    - CTMediator

DEPENDENCIES:
  - CTMediator
  - ZIKMapCategory (from `../`)

EXTERNAL SOURCES:
  ZIKMapCategory:
    :path: ../

SPEC CHECKSUMS:
  CTMediator: 83043d198b7ea73214d53375adfdd7f60edd4c1a
  ZIKMapCategory: 5ea9907c001b3429401ad04e81fbdcbadf1fb583

PODFILE CHECKSUM: 2b1d9c336b6aa7a56f4642e03373244ec782ce82

COCOAPODS: 1.4.0.beta.1
